
Microsoft Visual Studio Solution File, Format Version 12.00
# Visual Studio Version 17
VisualStudioVersion = 17.3.32811.315
MinimumVisualStudioVersion = 10.0.40219.1
Project("{FAE04EC0-301F-11D3-BF4B-00C04F79EFBC}") = "MacroVSTO", "MacroVSTO\MacroVSTO.csproj", "{223064ED-799C-4428-85B7-6C9D083FBE2A}"
EndProject
Global
	GlobalSection(SolutionConfigurationPlatforms) = preSolution
		Debug|Any CPU = Debug|Any CPU
		Release|Any CPU = Release|Any CPU
	EndGlobalSection
	GlobalSection(ProjectConfigurationPlatforms) = postSolution
		{223064ED-799C-4428-85B7-6C9D083FBE2A}.Debug|Any CPU.ActiveCfg = Debug|Any CPU
		{223064ED-799C-4428-85B7-6C9D083FBE2A}.Debug|Any CPU.Build.0 = Debug|Any CPU
		{223064ED-799C-4428-85B7-6C9D083FBE2A}.Release|Any CPU.ActiveCfg = Release|Any CPU
		{223064ED-799C-4428-85B7-6C9D083FBE2A}.Release|Any CPU.Build.0 = Release|Any CPU
	EndGlobalSection
	GlobalSection(SolutionProperties) = preSolution
		HideSolutionNode = FALSE
	EndGlobalSection
	GlobalSection(ExtensibilityGlobals) = postSolution
		SolutionGuid = {8A37D27F-358D-4A55-8D9E-D0EE481BD0B5}
	EndGlobalSection
EndGlobal
